
Microsoft Visual Studio Solution File, Format Version 12.00
# Visual Studio Version 16
VisualStudioVersion = 16.0.30204.135
MinimumVisualStudioVersion = 10.0.40219.1
Project("{9A19103F-16F7-4668-BE54-9A1E7A4F7556}") = "ToDo.Module", "ToDo.Module\ToDo.Module.csproj", "{5BA635DE-6CC8-4168-85B7-94FE47789D50}"
EndProject
Project("{9A19103F-16F7-4668-BE54-9A1E7A4F7556}") = "ToDo.Extensibility", "ToDo.Extensibility\ToDo.Extensibility.csproj", "{71BD98B7-26D2-4357-ADCD-DE82EFB11FE9}"
EndProject
Project("{9A19103F-16F7-4668-BE54-9A1E7A4F7556}") = "ToDo.Domain", "ToDo.Domain\ToDo.Domain.csproj", "{4AC5390E-E92C-4D16-BD42-88C730CCA09E}"
EndProject
Project("{9A19103F-16F7-4668-BE54-9A1E7A4F7556}") = "ToDo.Service", "ToDo.Service\ToDo.Service.csproj", "{623E1DF2-1755-49EA-AC3A-05CEDEF8D017}"
EndProject
Project("{9A19103F-16F7-4668-BE54-9A1E7A4F7556}") = "ToDo.Con", "ToDo.Con\ToDo.Con.csproj", "{3E9330D0-F1C6-4095-B6D7-1E96FE2AF890}"
EndProject
Project("{9A19103F-16F7-4668-BE54-9A1E7A4F7556}") = "ToDo.Mvc.UI", "ToDo.Mvc.UI\ToDo.Mvc.UI.csproj", "{8CE4FA79-CA61-40E2-B7F9-EBC945322B7D}"
EndProject
Project("{9A19103F-16F7-4668-BE54-9A1E7A4F7556}") = "ToDo.Test", "ToDo.Test\ToDo.Test.csproj", "{0EA7FC1D-011B-4AF6-B113-4F179E478C76}"
EndProject
Project("{9A19103F-16F7-4668-BE54-9A1E7A4F7556}") = "ToDo.Pages.UI", "ToDo.Pages.UI\ToDo.Pages.UI.csproj", "{8252117A-AB68-407F-8661-A2BC27656ED2}"
EndProject
Global
	GlobalSection(SolutionConfigurationPlatforms) = preSolution
		Debug|Any CPU = Debug|Any CPU
		Release|Any CPU = Release|Any CPU
	EndGlobalSection
	GlobalSection(ProjectConfigurationPlatforms) = postSolution
		{5BA635DE-6CC8-4168-85B7-94FE47789D50}.Debug|Any CPU.ActiveCfg = Debug|Any CPU
		{5BA635DE-6CC8-4168-85B7-94FE47789D50}.Debug|Any CPU.Build.0 = Debug|Any CPU
		{5BA635DE-6CC8-4168-85B7-94FE47789D50}.Release|Any CPU.ActiveCfg = Release|Any CPU
		{5BA635DE-6CC8-4168-85B7-94FE47789D50}.Release|Any CPU.Build.0 = Release|Any CPU
		{71BD98B7-26D2-4357-ADCD-DE82EFB11FE9}.Debug|Any CPU.ActiveCfg = Debug|Any CPU
		{71BD98B7-26D2-4357-ADCD-DE82EFB11FE9}.Debug|Any CPU.Build.0 = Debug|Any CPU
		{71BD98B7-26D2-4357-ADCD-DE82EFB11FE9}.Release|Any CPU.ActiveCfg = Release|Any CPU
		{71BD98B7-26D2-4357-ADCD-DE82EFB11FE9}.Release|Any CPU.Build.0 = Release|Any CPU
		{4AC5390E-E92C-4D16-BD42-88C730CCA09E}.Debug|Any CPU.ActiveCfg = Debug|Any CPU
		{4AC5390E-E92C-4D16-BD42-88C730CCA09E}.Debug|Any CPU.Build.0 = Debug|Any CPU
		{4AC5390E-E92C-4D16-BD42-88C730CCA09E}.Release|Any CPU.ActiveCfg = Release|Any CPU
		{4AC5390E-E92C-4D16-BD42-88C730CCA09E}.Release|Any CPU.Build.0 = Release|Any CPU
		{623E1DF2-1755-49EA-AC3A-05CEDEF8D017}.Debug|Any CPU.ActiveCfg = Debug|Any CPU
		{623E1DF2-1755-49EA-AC3A-05CEDEF8D017}.Debug|Any CPU.Build.0 = Debug|Any CPU
		{623E1DF2-1755-49EA-AC3A-05CEDEF8D017}.Release|Any CPU.ActiveCfg = Release|Any CPU
		{623E1DF2-1755-49EA-AC3A-05CEDEF8D017}.Release|Any CPU.Build.0 = Release|Any CPU
		{3E9330D0-F1C6-4095-B6D7-1E96FE2AF890}.Debug|Any CPU.ActiveCfg = Debug|Any CPU
		{3E9330D0-F1C6-4095-B6D7-1E96FE2AF890}.Debug|Any CPU.Build.0 = Debug|Any CPU
		{3E9330D0-F1C6-4095-B6D7-1E96FE2AF890}.Release|Any CPU.ActiveCfg = Release|Any CPU
		{3E9330D0-F1C6-4095-B6D7-1E96FE2AF890}.Release|Any CPU.Build.0 = Release|Any CPU
		{8CE4FA79-CA61-40E2-B7F9-EBC945322B7D}.Debug|Any CPU.ActiveCfg = Debug|Any CPU
		{8CE4FA79-CA61-40E2-B7F9-EBC945322B7D}.Debug|Any CPU.Build.0 = Debug|Any CPU
		{8CE4FA79-CA61-40E2-B7F9-EBC945322B7D}.Release|Any CPU.ActiveCfg = Release|Any CPU
		{8CE4FA79-CA61-40E2-B7F9-EBC945322B7D}.Release|Any CPU.Build.0 = Release|Any CPU
		{0EA7FC1D-011B-4AF6-B113-4F179E478C76}.Debug|Any CPU.ActiveCfg = Debug|Any CPU
		{0EA7FC1D-011B-4AF6-B113-4F179E478C76}.Debug|Any CPU.Build.0 = Debug|Any CPU
		{0EA7FC1D-011B-4AF6-B113-4F179E478C76}.Release|Any CPU.ActiveCfg = Release|Any CPU
		{0EA7FC1D-011B-4AF6-B113-4F179E478C76}.Release|Any CPU.Build.0 = Release|Any CPU
		{8252117A-AB68-407F-8661-A2BC27656ED2}.Debug|Any CPU.ActiveCfg = Debug|Any CPU
		{8252117A-AB68-407F-8661-A2BC27656ED2}.Debug|Any CPU.Build.0 = Debug|Any CPU
		{8252117A-AB68-407F-8661-A2BC27656ED2}.Release|Any CPU.ActiveCfg = Release|Any CPU
		{8252117A-AB68-407F-8661-A2BC27656ED2}.Release|Any CPU.Build.0 = Release|Any CPU
	EndGlobalSection
	GlobalSection(SolutionProperties) = preSolution
		HideSolutionNode = FALSE
	EndGlobalSection
	GlobalSection(ExtensibilityGlobals) = postSolution
		SolutionGuid = {F1F4412E-7B69-4424-BEFF-E917D4BAE157}
	EndGlobalSection
EndGlobal
